
Microsoft Visual Studio Solution File, Format Version 12.00
# Visual Studio Version 17
VisualStudioVersion = 17.10.35013.160
MinimumVisualStudioVersion = 10.0.40219.1
Project("{8BC9CEB8-8B4A-11D0-8D11-00A0C91BC942}") = "Extra2", "Extra2\Extra2.vcxproj", "{6C7F04A1-87AB-4561-AD86-F2359B932765}"
EndProject
Project("{8BC9CEB8-8B4A-11D0-8D11-00A0C91BC942}") = "Sample-Test1", "Sample-Test1\Sample-Test1.vcxproj", "{B37C3A55-E7B7-4FDA-A0BA-0CB0A479E525}"
EndProject
Global
	GlobalSection(SolutionConfigurationPlatforms) = preSolution
		Debug|x64 = Debug|x64
		Debug|x86 = Debug|x86
		Release|x64 = Release|x64
		Release|x86 = Release|x86
	EndGlobalSection
	GlobalSection(ProjectConfigurationPlatforms) = postSolution
		{6C7F04A1-87AB-4561-AD86-F2359B932765}.Debug|x64.ActiveCfg = Debug|x64
		{6C7F04A1-87AB-4561-AD86-F2359B932765}.Debug|x64.Build.0 = Debug|x64
		{6C7F04A1-87AB-4561-AD86-F2359B932765}.Debug|x86.ActiveCfg = Debug|Win32
		{6C7F04A1-87AB-4561-AD86-F2359B932765}.Debug|x86.Build.0 = Debug|Win32
		{6C7F04A1-87AB-4561-AD86-F2359B932765}.Release|x64.ActiveCfg = Release|x64
		{6C7F04A1-87AB-4561-AD86-F2359B932765}.Release|x64.Build.0 = Release|x64
		{6C7F04A1-87AB-4561-AD86-F2359B932765}.Release|x86.ActiveCfg = Release|Win32
		{6C7F04A1-87AB-4561-AD86-F2359B932765}.Release|x86.Build.0 = Release|Win32
		{B37C3A55-E7B7-4FDA-A0BA-0CB0A479E525}.Debug|x64.ActiveCfg = Debug|x64
		{B37C3A55-E7B7-4FDA-A0BA-0CB0A479E525}.Debug|x64.Build.0 = Debug|x64
		{B37C3A55-E7B7-4FDA-A0BA-0CB0A479E525}.Debug|x86.ActiveCfg = Debug|Win32
		{B37C3A55-E7B7-4FDA-A0BA-0CB0A479E525}.Debug|x86.Build.0 = Debug|Win32
		{B37C3A55-E7B7-4FDA-A0BA-0CB0A479E525}.Release|x64.ActiveCfg = Release|x64
		{B37C3A55-E7B7-4FDA-A0BA-0CB0A479E525}.Release|x64.Build.0 = Release|x64
		{B37C3A55-E7B7-4FDA-A0BA-0CB0A479E525}.Release|x86.ActiveCfg = Release|Win32
		{B37C3A55-E7B7-4FDA-A0BA-0CB0A479E525}.Release|x86.Build.0 = Release|Win32
	EndGlobalSection
	GlobalSection(SolutionProperties) = preSolution
		HideSolutionNode = FALSE
	EndGlobalSection
	GlobalSection(ExtensibilityGlobals) = postSolution
		SolutionGuid = {80F26724-1474-4A54-8CFE-271B6518736D}
	EndGlobalSection
EndGlobal
